
Microsoft Visual Studio Solution File, Format Version 12.00
# Visual Studio 15
VisualStudioVersion = 15.0.27703.2042
MinimumVisualStudioVersion = 10.0.40219.1
Project("{FAE04EC0-301F-11D3-BF4B-00C04F79EFBC}") = "App1.Android", "App1\App1.Android\App1.Android.csproj", "{D3537882-2F64-4790-95B5-3180C0786A77}"
EndProject
Project("{FAE04EC0-301F-11D3-BF4B-00C04F79EFBC}") = "App1.iOS", "App1\App1.iOS\App1.iOS.csproj", "{FCD739C5-EA7E-49D9-B95D-61685485C9C0}"
EndProject
Project("{FAE04EC0-301F-11D3-BF4B-00C04F79EFBC}") = "App1", "App1\App1\App1.csproj", "{0B32C5A2-1603-41A5-96BB-169215EF830C}"
EndProject
Global
	GlobalSection(SolutionConfigurationPlatforms) = preSolution
		Ad-Hoc|Any CPU = Ad-Hoc|Any CPU
		Ad-Hoc|iPhone = Ad-Hoc|iPhone
		Ad-Hoc|iPhoneSimulator = Ad-Hoc|iPhoneSimulator
		AppStore|Any CPU = AppStore|Any CPU
		AppStore|iPhone = AppStore|iPhone
		AppStore|iPhoneSimulator = AppStore|iPhoneSimulator
		Debug|Any CPU = Debug|Any CPU
		Debug|iPhone = Debug|iPhone
		Debug|iPhoneSimulator = Debug|iPhoneSimulator
		Release|Any CPU = Release|Any CPU
		Release|iPhone = Release|iPhone
		Release|iPhoneSimulator = Release|iPhoneSimulator
	EndGlobalSection
	GlobalSection(ProjectConfigurationPlatforms) = postSolution
		{D3537882-2F64-4790-95B5-3180C0786A77}.Ad-Hoc|Any CPU.ActiveCfg = Release|Any CPU
		{D3537882-2F64-4790-95B5-3180C0786A77}.Ad-Hoc|Any CPU.Build.0 = Release|Any CPU
		{D3537882-2F64-4790-95B5-3180C0786A77}.Ad-Hoc|Any CPU.Deploy.0 = Release|Any CPU
		{D3537882-2F64-4790-95B5-3180C0786A77}.Ad-Hoc|iPhone.ActiveCfg = Release|Any CPU
		{D3537882-2F64-4790-95B5-3180C0786A77}.Ad-Hoc|iPhone.Build.0 = Release|Any CPU
		{D3537882-2F64-4790-95B5-3180C0786A77}.Ad-Hoc|iPhone.Deploy.0 = Release|Any CPU
		{D3537882-2F64-4790-95B5-3180C0786A77}.Ad-Hoc|iPhoneSimulator.ActiveCfg = Release|Any CPU
		{D3537882-2F64-4790-95B5-3180C0786A77}.Ad-Hoc|iPhoneSimulator.Build.0 = Release|Any CPU
		{D3537882-2F64-4790-95B5-3180C0786A77}.Ad-Hoc|iPhoneSimulator.Deploy.0 = Release|Any CPU
		{D3537882-2F64-4790-95B5-3180C0786A77}.AppStore|Any CPU.ActiveCfg = Release|Any CPU
		{D3537882-2F64-4790-95B5-3180C0786A77}.AppStore|Any CPU.Build.0 = Release|Any CPU
		{D3537882-2F64-4790-95B5-3180C0786A77}.AppStore|Any CPU.Deploy.0 = Release|Any CPU
		{D3537882-2F64-4790-95B5-3180C0786A77}.AppStore|iPhone.ActiveCfg = Release|Any CPU
		{D3537882-2F64-4790-95B5-3180C0786A77}.AppStore|iPhone.Build.0 = Release|Any CPU
		{D3537882-2F64-4790-95B5-3180C0786A77}.AppStore|iPhone.Deploy.0 = Release|Any CPU
		{D3537882-2F64-4790-95B5-3180C0786A77}.AppStore|iPhoneSimulator.ActiveCfg = Release|Any CPU
		{D3537882-2F64-4790-95B5-3180C0786A77}.AppStore|iPhoneSimulator.Build.0 = Release|Any CPU
		{D3537882-2F64-4790-95B5-3180C0786A77}.AppStore|iPhoneSimulator.Deploy.0 = Release|Any CPU
		{D3537882-2F64-4790-95B5-3180C0786A77}.Debug|Any CPU.ActiveCfg = Debug|Any CPU
		{D3537882-2F64-4790-95B5-3180C0786A77}.Debug|Any CPU.Build.0 = Debug|Any CPU
		{D3537882-2F64-4790-95B5-3180C0786A77}.Debug|Any CPU.Deploy.0 = Debug|Any CPU
		{D3537882-2F64-4790-95B5-3180C0786A77}.Debug|iPhone.ActiveCfg = Debug|Any CPU
		{D3537882-2F64-4790-95B5-3180C0786A77}.Debug|iPhone.Build.0 = Debug|Any CPU
		{D3537882-2F64-4790-95B5-3180C0786A77}.Debug|iPhone.Deploy.0 = Debug|Any CPU
		{D3537882-2F64-4790-95B5-3180C0786A77}.Debug|iPhoneSimulator.ActiveCfg = Debug|Any CPU
		{D3537882-2F64-4790-95B5-3180C0786A77}.Debug|iPhoneSimulator.Build.0 = Debug|Any CPU
		{D3537882-2F64-4790-95B5-3180C0786A77}.Debug|iPhoneSimulator.Deploy.0 = Debug|Any CPU
		{D3537882-2F64-4790-95B5-3180C0786A77}.Release|Any CPU.ActiveCfg = Release|Any CPU
		{D3537882-2F64-4790-95B5-3180C0786A77}.Release|Any CPU.Build.0 = Release|Any CPU
		{D3537882-2F64-4790-95B5-3180C0786A77}.Release|Any CPU.Deploy.0 = Release|Any CPU
		{D3537882-2F64-4790-95B5-3180C0786A77}.Release|iPhone.ActiveCfg = Release|Any CPU
		{D3537882-2F64-4790-95B5-3180C0786A77}.Release|iPhone.Build.0 = Release|Any CPU
		{D3537882-2F64-4790-95B5-3180C0786A77}.Release|iPhone.Deploy.0 = Release|Any CPU
		{D3537882-2F64-4790-95B5-3180C0786A77}.Release|iPhoneSimulator.ActiveCfg = Release|Any CPU
		{D3537882-2F64-4790-95B5-3180C0786A77}.Release|iPhoneSimulator.Build.0 = Release|Any CPU
		{D3537882-2F64-4790-95B5-3180C0786A77}.Release|iPhoneSimulator.Deploy.0 = Release|Any CPU
		{FCD739C5-EA7E-49D9-B95D-61685485C9C0}.Ad-Hoc|Any CPU.ActiveCfg = Ad-Hoc|iPhone
		{FCD739C5-EA7E-49D9-B95D-61685485C9C0}.Ad-Hoc|Any CPU.Build.0 = Ad-Hoc|iPhone
		{FCD739C5-EA7E-49D9-B95D-61685485C9C0}.Ad-Hoc|Any CPU.Deploy.0 = Ad-Hoc|iPhone
		{FCD739C5-EA7E-49D9-B95D-61685485C9C0}.Ad-Hoc|iPhone.ActiveCfg = Ad-Hoc|iPhone
		{FCD739C5-EA7E-49D9-B95D-61685485C9C0}.Ad-Hoc|iPhone.Build.0 = Ad-Hoc|iPhone
		{FCD739C5-EA7E-49D9-B95D-61685485C9C0}.Ad-Hoc|iPhone.Deploy.0 = Ad-Hoc|iPhone
		{FCD739C5-EA7E-49D9-B95D-61685485C9C0}.Ad-Hoc|iPhoneSimulator.ActiveCfg = Ad-Hoc|iPhoneSimulator
		{FCD739C5-EA7E-49D9-B95D-61685485C9C0}.Ad-Hoc|iPhoneSimulator.Build.0 = Ad-Hoc|iPhoneSimulator
		{FCD739C5-EA7E-49D9-B95D-61685485C9C0}.Ad-Hoc|iPhoneSimulator.Deploy.0 = Ad-Hoc|iPhoneSimulator
		{FCD739C5-EA7E-49D9-B95D-61685485C9C0}.AppStore|Any CPU.ActiveCfg = AppStore|iPhone
		{FCD739C5-EA7E-49D9-B95D-61685485C9C0}.AppStore|Any CPU.Build.0 = AppStore|iPhone
		{FCD739C5-EA7E-49D9-B95D-61685485C9C0}.AppStore|Any CPU.Deploy.0 = AppStore|iPhone
		{FCD739C5-EA7E-49D9-B95D-61685485C9C0}.AppStore|iPhone.ActiveCfg = AppStore|iPhone
		{FCD739C5-EA7E-49D9-B95D-61685485C9C0}.AppStore|iPhone.Build.0 = AppStore|iPhone
		{FCD739C5-EA7E-49D9-B95D-61685485C9C0}.AppStore|iPhone.Deploy.0 = AppStore|iPhone
		{FCD739C5-EA7E-49D9-B95D-61685485C9C0}.AppStore|iPhoneSimulator.ActiveCfg = AppStore|iPhoneSimulator
		{FCD739C5-EA7E-49D9-B95D-61685485C9C0}.AppStore|iPhoneSimulator.Build.0 = AppStore|iPhoneSimulator
		{FCD739C5-EA7E-49D9-B95D-61685485C9C0}.AppStore|iPhoneSimulator.Deploy.0 = AppStore|iPhoneSimulator
		{FCD739C5-EA7E-49D9-B95D-61685485C9C0}.Debug|Any CPU.ActiveCfg = Debug|iPhoneSimulator
		{FCD739C5-EA7E-49D9-B95D-61685485C9C0}.Debug|Any CPU.Build.0 = Debug|iPhoneSimulator
		{FCD739C5-EA7E-49D9-B95D-61685485C9C0}.Debug|Any CPU.Deploy.0 = Debug|iPhoneSimulator
		{FCD739C5-EA7E-49D9-B95D-61685485C9C0}.Debug|iPhone.ActiveCfg = Debug|iPhone
		{FCD739C5-EA7E-49D9-B95D-61685485C9C0}.Debug|iPhone.Build.0 = Debug|iPhone
		{FCD739C5-EA7E-49D9-B95D-61685485C9C0}.Debug|iPhone.Deploy.0 = Debug|iPhone
		{FCD739C5-EA7E-49D9-B95D-61685485C9C0}.Debug|iPhoneSimulator.ActiveCfg = Debug|iPhoneSimulator
		{FCD739C5-EA7E-49D9-B95D-61685485C9C0}.Debug|iPhoneSimulator.Build.0 = Debug|iPhoneSimulator
		{FCD739C5-EA7E-49D9-B95D-61685485C9C0}.Debug|iPhoneSimulator.Deploy.0 = Debug|iPhoneSimulator
		{FCD739C5-EA7E-49D9-B95D-61685485C9C0}.Release|Any CPU.ActiveCfg = Release|iPhone
		{FCD739C5-EA7E-49D9-B95D-61685485C9C0}.Release|Any CPU.Build.0 = Release|iPhone
		{FCD739C5-EA7E-49D9-B95D-61685485C9C0}.Release|Any CPU.Deploy.0 = Release|iPhone
		{FCD739C5-EA7E-49D9-B95D-61685485C9C0}.Release|iPhone.ActiveCfg = Release|iPhone
		{FCD739C5-EA7E-49D9-B95D-61685485C9C0}.Release|iPhone.Build.0 = Release|iPhone
		{FCD739C5-EA7E-49D9-B95D-61685485C9C0}.Release|iPhone.Deploy.0 = Release|iPhone
		{FCD739C5-EA7E-49D9-B95D-61685485C9C0}.Release|iPhoneSimulator.ActiveCfg = Release|iPhoneSimulator
		{FCD739C5-EA7E-49D9-B95D-61685485C9C0}.Release|iPhoneSimulator.Build.0 = Release|iPhoneSimulator
		{FCD739C5-EA7E-49D9-B95D-61685485C9C0}.Release|iPhoneSimulator.Deploy.0 = Release|iPhoneSimulator
		{0B32C5A2-1603-41A5-96BB-169215EF830C}.Ad-Hoc|Any CPU.ActiveCfg = Debug|Any CPU
		{0B32C5A2-1603-41A5-96BB-169215EF830C}.Ad-Hoc|Any CPU.Build.0 = Debug|Any CPU
		{0B32C5A2-1603-41A5-96BB-169215EF830C}.Ad-Hoc|Any CPU.Deploy.0 = Debug|Any CPU
		{0B32C5A2-1603-41A5-96BB-169215EF830C}.Ad-Hoc|iPhone.ActiveCfg = Debug|Any CPU
		{0B32C5A2-1603-41A5-96BB-169215EF830C}.Ad-Hoc|iPhone.Build.0 = Debug|Any CPU
		{0B32C5A2-1603-41A5-96BB-169215EF830C}.Ad-Hoc|iPhone.Deploy.0 = Debug|Any CPU
		{0B32C5A2-1603-41A5-96BB-169215EF830C}.Ad-Hoc|iPhoneSimulator.ActiveCfg = Debug|Any CPU
		{0B32C5A2-1603-41A5-96BB-169215EF830C}.Ad-Hoc|iPhoneSimulator.Build.0 = Debug|Any CPU
		{0B32C5A2-1603-41A5-96BB-169215EF830C}.Ad-Hoc|iPhoneSimulator.Deploy.0 = Debug|Any CPU
		{0B32C5A2-1603-41A5-96BB-169215EF830C}.AppStore|Any CPU.ActiveCfg = Debug|Any CPU
		{0B32C5A2-1603-41A5-96BB-169215EF830C}.AppStore|Any CPU.Build.0 = Debug|Any CPU
		{0B32C5A2-1603-41A5-96BB-169215EF830C}.AppStore|Any CPU.Deploy.0 = Debug|Any CPU
		{0B32C5A2-1603-41A5-96BB-169215EF830C}.AppStore|iPhone.ActiveCfg = Debug|Any CPU
		{0B32C5A2-1603-41A5-96BB-169215EF830C}.AppStore|iPhone.Build.0 = Debug|Any CPU
		{0B32C5A2-1603-41A5-96BB-169215EF830C}.AppStore|iPhone.Deploy.0 = Debug|Any CPU
		{0B32C5A2-1603-41A5-96BB-169215EF830C}.AppStore|iPhoneSimulator.ActiveCfg = Debug|Any CPU
		{0B32C5A2-1603-41A5-96BB-169215EF830C}.AppStore|iPhoneSimulator.Build.0 = Debug|Any CPU
		{0B32C5A2-1603-41A5-96BB-169215EF830C}.AppStore|iPhoneSimulator.Deploy.0 = Debug|Any CPU
		{0B32C5A2-1603-41A5-96BB-169215EF830C}.Debug|Any CPU.ActiveCfg = Debug|Any CPU
		{0B32C5A2-1603-41A5-96BB-169215EF830C}.Debug|Any CPU.Build.0 = Debug|Any CPU
		{0B32C5A2-1603-41A5-96BB-169215EF830C}.Debug|Any CPU.Deploy.0 = Debug|Any CPU
		{0B32C5A2-1603-41A5-96BB-169215EF830C}.Debug|iPhone.ActiveCfg = Debug|Any CPU
		{0B32C5A2-1603-41A5-96BB-169215EF830C}.Debug|iPhone.Build.0 = Debug|Any CPU
		{0B32C5A2-1603-41A5-96BB-169215EF830C}.Debug|iPhone.Deploy.0 = Debug|Any CPU
		{0B32C5A2-1603-41A5-96BB-169215EF830C}.Debug|iPhoneSimulator.ActiveCfg = Debug|Any CPU
		{0B32C5A2-1603-41A5-96BB-169215EF830C}.Debug|iPhoneSimulator.Build.0 = Debug|Any CPU
		{0B32C5A2-1603-41A5-96BB-169215EF830C}.Debug|iPhoneSimulator.Deploy.0 = Debug|Any CPU
		{0B32C5A2-1603-41A5-96BB-169215EF830C}.Release|Any CPU.ActiveCfg = Release|Any CPU
		{0B32C5A2-1603-41A5-96BB-169215EF830C}.Release|Any CPU.Build.0 = Release|Any CPU
		{0B32C5A2-1603-41A5-96BB-169215EF830C}.Release|Any CPU.Deploy.0 = Release|Any CPU
		{0B32C5A2-1603-41A5-96BB-169215EF830C}.Release|iPhone.ActiveCfg = Release|Any CPU
		{0B32C5A2-1603-41A5-96BB-169215EF830C}.Release|iPhone.Build.0 = Release|Any CPU
		{0B32C5A2-1603-41A5-96BB-169215EF830C}.Release|iPhone.Deploy.0 = Release|Any CPU
		{0B32C5A2-1603-41A5-96BB-169215EF830C}.Release|iPhoneSimulator.ActiveCfg = Release|Any CPU
		{0B32C5A2-1603-41A5-96BB-169215EF830C}.Release|iPhoneSimulator.Build.0 = Release|Any CPU
		{0B32C5A2-1603-41A5-96BB-169215EF830C}.Release|iPhoneSimulator.Deploy.0 = Release|Any CPU
	EndGlobalSection
	GlobalSection(SolutionProperties) = preSolution
		HideSolutionNode = FALSE
	EndGlobalSection
	GlobalSection(ExtensibilityGlobals) = postSolution
		SolutionGuid = {B0BBBE83-395B-4738-A4D1-192A020C27AA}
	EndGlobalSection
EndGlobal
